
Microsoft Visual Studio Solution File, Format Version 12.00
# Visual Studio Version 17
VisualStudioVersion = 17.13.35825.156 d17.13
MinimumVisualStudioVersion = 10.0.40219.1
Project("{FAE04EC0-301F-11D3-BF4B-00C04F79EFBC}") = "Test_Backend", "Test_Backend\Test_Backend.csproj", "{74811906-CFC8-4213-BB5E-AA64D84DE278}"
EndProject
Global
	GlobalSection(SolutionConfigurationPlatforms) = preSolution
		Debug|Any CPU = Debug|Any CPU
		Release|Any CPU = Release|Any CPU
	EndGlobalSection
	GlobalSection(ProjectConfigurationPlatforms) = postSolution
		{74811906-CFC8-4213-BB5E-AA64D84DE278}.Debug|Any CPU.ActiveCfg = Debug|Any CPU
		{74811906-CFC8-4213-BB5E-AA64D84DE278}.Debug|Any CPU.Build.0 = Debug|Any CPU
		{74811906-CFC8-4213-BB5E-AA64D84DE278}.Release|Any CPU.ActiveCfg = Release|Any CPU
		{74811906-CFC8-4213-BB5E-AA64D84DE278}.Release|Any CPU.Build.0 = Release|Any CPU
	EndGlobalSection
	GlobalSection(SolutionProperties) = preSolution
		HideSolutionNode = FALSE
	EndGlobalSection
	GlobalSection(ExtensibilityGlobals) = postSolution
		SolutionGuid = {E5A35000-1C03-4009-AE9D-9A0713C35F10}
	EndGlobalSection
EndGlobal
